
Microsoft Visual Studio Solution File, Format Version 12.00
# Visual Studio Version 16
VisualStudioVersion = 16.0.31321.278
MinimumVisualStudioVersion = 10.0.40219.1
Project("{FAE04EC0-301F-11D3-BF4B-00C04F79EFBC}") = "PermutationTesting", "PermutationTesting\PermutationTesting.csproj", "{F0D8572D-7501-4F2F-BFBF-B3849F4B1311}"
EndProject
Project("{FAE04EC0-301F-11D3-BF4B-00C04F79EFBC}") = "Lexicographically_Permutation", "Lexicographically_Permutation\Lexicographically_Permutation.csproj", "{7280AE5B-A710-45D2-B84F-DA74286026D7}"
EndProject
Global
	GlobalSection(SolutionConfigurationPlatforms) = preSolution
		Debug|Any CPU = Debug|Any CPU
		Release|Any CPU = Release|Any CPU
	EndGlobalSection
	GlobalSection(ProjectConfigurationPlatforms) = postSolution
		{F0D8572D-7501-4F2F-BFBF-B3849F4B1311}.Debug|Any CPU.ActiveCfg = Debug|Any CPU
		{F0D8572D-7501-4F2F-BFBF-B3849F4B1311}.Debug|Any CPU.Build.0 = Debug|Any CPU
		{F0D8572D-7501-4F2F-BFBF-B3849F4B1311}.Release|Any CPU.ActiveCfg = Release|Any CPU
		{F0D8572D-7501-4F2F-BFBF-B3849F4B1311}.Release|Any CPU.Build.0 = Release|Any CPU
		{7280AE5B-A710-45D2-B84F-DA74286026D7}.Debug|Any CPU.ActiveCfg = Debug|Any CPU
		{7280AE5B-A710-45D2-B84F-DA74286026D7}.Debug|Any CPU.Build.0 = Debug|Any CPU
		{7280AE5B-A710-45D2-B84F-DA74286026D7}.Release|Any CPU.ActiveCfg = Release|Any CPU
		{7280AE5B-A710-45D2-B84F-DA74286026D7}.Release|Any CPU.Build.0 = Release|Any CPU
	EndGlobalSection
	GlobalSection(SolutionProperties) = preSolution
		HideSolutionNode = FALSE
	EndGlobalSection
	GlobalSection(ExtensibilityGlobals) = postSolution
		SolutionGuid = {BBFB8904-EADD-4329-ADAB-2EF5E2D44599}
	EndGlobalSection
EndGlobal
